
Microsoft Visual Studio Solution File, Format Version 12.00
# Visual Studio Version 17
VisualStudioVersion = 17.4.33213.308
MinimumVisualStudioVersion = 10.0.40219.1
Project("{9A19103F-16F7-4668-BE54-9A1E7A4F7556}") = "Homework1", "CSharpTrainingConsoleApp\Homework1.csproj", "{694A2C49-D6E6-4BA7-9737-ECE1BAF7603B}"
EndProject
Global
	GlobalSection(SolutionConfigurationPlatforms) = preSolution
		Debug|Any CPU = Debug|Any CPU
		Release|Any CPU = Release|Any CPU
	EndGlobalSection
	GlobalSection(ProjectConfigurationPlatforms) = postSolution
		{694A2C49-D6E6-4BA7-9737-ECE1BAF7603B}.Debug|Any CPU.ActiveCfg = Debug|Any CPU
		{694A2C49-D6E6-4BA7-9737-ECE1BAF7603B}.Debug|Any CPU.Build.0 = Debug|Any CPU
		{694A2C49-D6E6-4BA7-9737-ECE1BAF7603B}.Release|Any CPU.ActiveCfg = Release|Any CPU
		{694A2C49-D6E6-4BA7-9737-ECE1BAF7603B}.Release|Any CPU.Build.0 = Release|Any CPU
	EndGlobalSection
	GlobalSection(SolutionProperties) = preSolution
		HideSolutionNode = FALSE
	EndGlobalSection
	GlobalSection(ExtensibilityGlobals) = postSolution
		SolutionGuid = {A7C3FBD6-1D0C-46C7-8CEE-7845B149E97D}
	EndGlobalSection
EndGlobal
